
Microsoft Visual Studio Solution File, Format Version 12.00
# Visual Studio Version 17
VisualStudioVersion = 17.4.33213.308
MinimumVisualStudioVersion = 10.0.40219.1
Project("{FAE04EC0-301F-11D3-BF4B-00C04F79EFBC}") = "DddInPractice.Logic", "DddInPractice\DddInPractice.Logic.csproj", "{EEC92149-555D-4937-9F2C-8BA0003A0126}"
EndProject
Project("{9A19103F-16F7-4668-BE54-9A1E7A4F7556}") = "DddInPractice.Logic.Tests", "DddInPractice.Logic.Tests\DddInPractice.Logic.Tests.csproj", "{4AF03652-18DE-431A-8713-00FFD1FE4B40}"
EndProject
Project("{FAE04EC0-301F-11D3-BF4B-00C04F79EFBC}") = "DddInPractice.UI", "DddInPractice.UI\DddInPractice.UI.csproj", "{7CFFC1E6-A4A0-4EE0-91F0-8FE8459D02CC}"
EndProject
Global
	GlobalSection(SolutionConfigurationPlatforms) = preSolution
		Debug|Any CPU = Debug|Any CPU
		Release|Any CPU = Release|Any CPU
	EndGlobalSection
	GlobalSection(ProjectConfigurationPlatforms) = postSolution
		{EEC92149-555D-4937-9F2C-8BA0003A0126}.Debug|Any CPU.ActiveCfg = Debug|Any CPU
		{EEC92149-555D-4937-9F2C-8BA0003A0126}.Debug|Any CPU.Build.0 = Debug|Any CPU
		{EEC92149-555D-4937-9F2C-8BA0003A0126}.Release|Any CPU.ActiveCfg = Release|Any CPU
		{EEC92149-555D-4937-9F2C-8BA0003A0126}.Release|Any CPU.Build.0 = Release|Any CPU
		{4AF03652-18DE-431A-8713-00FFD1FE4B40}.Debug|Any CPU.ActiveCfg = Debug|Any CPU
		{4AF03652-18DE-431A-8713-00FFD1FE4B40}.Debug|Any CPU.Build.0 = Debug|Any CPU
		{4AF03652-18DE-431A-8713-00FFD1FE4B40}.Release|Any CPU.ActiveCfg = Release|Any CPU
		{4AF03652-18DE-431A-8713-00FFD1FE4B40}.Release|Any CPU.Build.0 = Release|Any CPU
		{7CFFC1E6-A4A0-4EE0-91F0-8FE8459D02CC}.Debug|Any CPU.ActiveCfg = Debug|Any CPU
		{7CFFC1E6-A4A0-4EE0-91F0-8FE8459D02CC}.Debug|Any CPU.Build.0 = Debug|Any CPU
		{7CFFC1E6-A4A0-4EE0-91F0-8FE8459D02CC}.Release|Any CPU.ActiveCfg = Release|Any CPU
		{7CFFC1E6-A4A0-4EE0-91F0-8FE8459D02CC}.Release|Any CPU.Build.0 = Release|Any CPU
	EndGlobalSection
	GlobalSection(SolutionProperties) = preSolution
		HideSolutionNode = FALSE
	EndGlobalSection
	GlobalSection(ExtensibilityGlobals) = postSolution
		SolutionGuid = {686F2843-5E3F-45B9-BEF7-574BE300D777}
	EndGlobalSection
EndGlobal
